
Microsoft Visual Studio Solution File, Format Version 12.00
# Visual Studio Version 17
VisualStudioVersion = 17.8.34330.188
MinimumVisualStudioVersion = 10.0.40219.1
Project("{FAE04EC0-301F-11D3-BF4B-00C04F79EFBC}") = "programa", "programa\programa.csproj", "{D32A65EE-898E-487C-BDB7-1D1D824FC6AA}"
EndProject
Global
	GlobalSection(SolutionConfigurationPlatforms) = preSolution
		Debug|Any CPU = Debug|Any CPU
		Release|Any CPU = Release|Any CPU
	EndGlobalSection
	GlobalSection(ProjectConfigurationPlatforms) = postSolution
		{D32A65EE-898E-487C-BDB7-1D1D824FC6AA}.Debug|Any CPU.ActiveCfg = Debug|Any CPU
		{D32A65EE-898E-487C-BDB7-1D1D824FC6AA}.Debug|Any CPU.Build.0 = Debug|Any CPU
		{D32A65EE-898E-487C-BDB7-1D1D824FC6AA}.Release|Any CPU.ActiveCfg = Release|Any CPU
		{D32A65EE-898E-487C-BDB7-1D1D824FC6AA}.Release|Any CPU.Build.0 = Release|Any CPU
	EndGlobalSection
	GlobalSection(SolutionProperties) = preSolution
		HideSolutionNode = FALSE
	EndGlobalSection
	GlobalSection(ExtensibilityGlobals) = postSolution
		SolutionGuid = {0331AC0A-16B5-4C9C-955A-C43CEF1B204E}
	EndGlobalSection
EndGlobal
